{
  "name": "reviews",
  "version": "1.0.0",
  "lockfileVersion": 3,
  "requires": true,
  "packages": {
    "": {
      "name": "reviews",
      "version": "1.0.0",
      "license": "ISC",
      "dependencies": {
        "@prisma/client": "^5.4.1",
        "path": "^0.12.7",
        "prisma": "^5.4.1"
      }
    },
    "node_modules/@prisma/client": {
      "version": "5.4.1",
      "resolved": "https://registry.npmjs.org/@prisma/client/-/client-5.4.1.tgz",
      "integrity": "sha512-xyD0DJ3gRNfLbPsC+YfMBBuLJtZKQfy1OD2qU/PZg+HKrr7SO+09174LMeTlWP0YF2wca9LxtVd4HnAiB5ketQ==",
      "hasInstallScript": true,
      "dependencies": {
        "@prisma/engines-version": "5.4.1-1.2f302df92bd8945e20ad4595a73def5b96afa54f"
      },
      "engines": {
        "node": ">=16.13"
      },
      "peerDependencies": {
        "prisma": "*"
      },
      "peerDependenciesMeta": {
        "prisma": {
          "optional": true
        }
      }
    },
    "node_modules/@prisma/engines": {
      "version": "5.4.1",
      "resolved": "https://registry.npmjs.org/@prisma/engines/-/engines-5.4.1.tgz",
      "integrity": "sha512-vJTdY4la/5V3N7SFvWRmSMUh4mIQnyb/MNoDjzVbh9iLmEC+uEykj/1GPviVsorvfz7DbYSQC4RiwmlEpTEvGA==",
      "hasInstallScript": true
    },
    "node_modules/@prisma/engines-version": {
      "version": "5.4.1-1.2f302df92bd8945e20ad4595a73def5b96afa54f",
      "resolved": "https://registry.npmjs.org/@prisma/engines-version/-/engines-version-5.4.1-1.2f302df92bd8945e20ad4595a73def5b96afa54f.tgz",
      "integrity": "sha512-+nUQM/y8C+1GG5Ioeqcu6itFslCfxvQSAUVSMC9XM2G2Fcq0F4Afnp6m0pXF6X6iUBWen7jZBPmM9Qlq4Nr3/A=="
    },
    "node_modules/inherits": {
      "version": "2.0.3",
      "resolved": "https://registry.npmjs.org/inherits/-/inherits-2.0.3.tgz",
      "integrity": "sha512-x00IRNXNy63jwGkJmzPigoySHbaqpNuzKbBOmzK+g2OdZpQ9w+sxCN+VSB3ja7IAge2OP2qpfxTjeNcyjmW1uw=="
    },
    "node_modules/path": {
      "version": "0.12.7",
      "resolved": "https://registry.npmjs.org/path/-/path-0.12.7.tgz",
      "integrity": "sha512-aXXC6s+1w7otVF9UletFkFcDsJeO7lSZBPUQhtb5O0xJe8LtYhj/GxldoL09bBj9+ZmE2hNoHqQSFMN5fikh4Q==",
      "dependencies": {
        "process": "^0.11.1",
        "util": "^0.10.3"
      }
    },
    "node_modules/prisma": {
      "version": "5.4.1",
      "resolved": "https://registry.npmjs.org/prisma/-/prisma-5.4.1.tgz",
      "integrity": "sha512-op9PmU8Bcw5dNAas82wBYTG0yHnpq9/O3bhxbDBrNzwZTwBqsVCxxYRLf6wHNh9HVaDGhgjjHlu1+BcW8qdnBg==",
      "hasInstallScript": true,
      "dependencies": {
        "@prisma/engines": "5.4.1"
      },
      "bin": {
        "prisma": "build/index.js"
      },
      "engines": {
        "node": ">=16.13"
      }
    },
    "node_modules/process": {
      "version": "0.11.10",
      "resolved": "https://registry.npmjs.org/process/-/process-0.11.10.tgz",
      "integrity": "sha512-cdGef/drWFoydD1JsMzuFf8100nZl+GT+yacc2bEced5f9Rjk4z+WtFUTBu9PhOi9j/jfmBPu0mMEY4wIdAF8A==",
      "engines": {
        "node": ">= 0.6.0"
      }
    },
    "node_modules/util": {
      "version": "0.10.4",
      "resolved": "https://registry.npmjs.org/util/-/util-0.10.4.tgz",
      "integrity": "sha512-0Pm9hTQ3se5ll1XihRic3FDIku70C+iHUdT/W926rSgHV5QgXsYbKZN8MSC3tJtSkhuROzvsQjAaFENRXr+19A==",
      "dependencies": {
        "inherits": "2.0.3"
      }
    }
  }
}
